
Microsoft Visual Studio Solution File, Format Version 12.00
# Visual Studio 15
VisualStudioVersion = 15.0.28307.852
MinimumVisualStudioVersion = 10.0.40219.1
Project("{FAE04EC0-301F-11D3-BF4B-00C04F79EFBC}") = "LAB12_01.1", "LAB12_01.1\LAB12_01.1.csproj", "{DFE09828-6BCF-4C11-974A-5FBE48E99056}"
EndProject
Project("{FAE04EC0-301F-11D3-BF4B-00C04F79EFBC}") = "LAB12_01.2", "LAB12_01.2\LAB12_01.2.csproj", "{10AC9C0D-5FB8-4D43-B0BB-0051CF952E7C}"
EndProject
Project("{FAE04EC0-301F-11D3-BF4B-00C04F79EFBC}") = "LAB12_01.3", "LAB12_01.3\LAB12_01.3.csproj", "{CDD4F1EC-D8AF-4FC2-A15E-30AC0BB1C180}"
EndProject
Project("{FAE04EC0-301F-11D3-BF4B-00C04F79EFBC}") = "LAB12_01.4", "LAB12_01.4\LAB12_01.4.csproj", "{5C9A466E-1B1E-485D-9211-8E2CBEE0B846}"
EndProject
Project("{FAE04EC0-301F-11D3-BF4B-00C04F79EFBC}") = "LAB12_01.5", "LAB12_01.5\LAB12_01.5.csproj", "{D41424E5-5633-43D9-91B8-40B9D27C43EC}"
EndProject
Project("{FAE04EC0-301F-11D3-BF4B-00C04F79EFBC}") = "LAB12_01.6", "LAB12_01.6\LAB12_01.6.csproj", "{51102CC4-71EA-4D5B-9922-F2807640B6D6}"
EndProject
Project("{FAE04EC0-301F-11D3-BF4B-00C04F79EFBC}") = "LAB12_01.7", "LAB12_01.7\LAB12_01.7.csproj", "{F3FC9E53-11D0-4BDF-88AE-B63A1F24FF79}"
EndProject
Project("{FAE04EC0-301F-11D3-BF4B-00C04F79EFBC}") = "LAB12_01.8", "LAB12_01.8\LAB12_01.8.csproj", "{7788A962-16FD-492A-B8CE-6006D44D493D}"
EndProject
Project("{FAE04EC0-301F-11D3-BF4B-00C04F79EFBC}") = "LAB12_02.1", "LAB12_02.1\LAB12_02.1.csproj", "{94CAF61F-B4F0-469D-8C9B-E4297DEAF4F2}"
EndProject
Project("{FAE04EC0-301F-11D3-BF4B-00C04F79EFBC}") = "LAB12_02.2", "LAB12_02.2\LAB12_02.2.csproj", "{780942D7-93AB-4455-B13A-AA00B8A53BC6}"
EndProject
Project("{FAE04EC0-301F-11D3-BF4B-00C04F79EFBC}") = "LAB12_02.3", "LAB12_02.3\LAB12_02.3.csproj", "{1711C90E-74BC-4FEF-996D-471598FF09A5}"
EndProject
Project("{FAE04EC0-301F-11D3-BF4B-00C04F79EFBC}") = "LAB12_02.4", "LAB12_02.4\LAB12_02.4.csproj", "{32516A5E-D2E9-49FC-9C59-03170717A3EA}"
EndProject
Project("{FAE04EC0-301F-11D3-BF4B-00C04F79EFBC}") = "LAB12_02.5", "LAB12_02.5\LAB12_02.5.csproj", "{090D7745-21F3-4A66-9BEA-B0F26424FF74}"
EndProject
Project("{FAE04EC0-301F-11D3-BF4B-00C04F79EFBC}") = "LAB12_02.6", "LAB12_02.6\LAB12_02.6.csproj", "{9E2B7982-82A1-46C8-9EF8-9AE4230C63A4}"
EndProject
Project("{FAE04EC0-301F-11D3-BF4B-00C04F79EFBC}") = "LAB12_02.7", "LAB12_02.7\LAB12_02.7.csproj", "{3DD22183-E029-4C3F-8596-9C470E571E2E}"
EndProject
Project("{FAE04EC0-301F-11D3-BF4B-00C04F79EFBC}") = "LAB12_02.8", "LAB12_02.8\LAB12_02.8.csproj", "{B0DD276D-20F8-4A8E-AE93-98F4D1EA1C90}"
EndProject
Project("{FAE04EC0-301F-11D3-BF4B-00C04F79EFBC}") = "LAB12_03.1", "LAB12_03.1\LAB12_03.1.csproj", "{30A36401-1314-4A60-9C2F-CE7776DD3BCD}"
EndProject
Project("{FAE04EC0-301F-11D3-BF4B-00C04F79EFBC}") = "LAB12_03.2", "LAB12_03.2\LAB12_03.2.csproj", "{3D0A9447-F714-467A-9096-6904E74BA856}"
EndProject
Project("{FAE04EC0-301F-11D3-BF4B-00C04F79EFBC}") = "LAB12_03.3", "LAB12_03.3\LAB12_03.3.csproj", "{48A63A0D-4B29-4604-BB8B-42AC260CE994}"
EndProject
Project("{FAE04EC0-301F-11D3-BF4B-00C04F79EFBC}") = "LAB12_03.4", "LAB12_03.4\LAB12_03.4.csproj", "{5FF0B982-F507-4B9A-94A6-8341D2445189}"
EndProject
Project("{FAE04EC0-301F-11D3-BF4B-00C04F79EFBC}") = "LAB12_03.5", "LAB12_03.5\LAB12_03.5.csproj", "{73139831-9A2D-4BC0-9A0A-118616562ECA}"
EndProject
Project("{FAE04EC0-301F-11D3-BF4B-00C04F79EFBC}") = "LAB12_03.6", "LAB12_03.6\LAB12_03.6.csproj", "{56C6B6BA-9B3E-46AE-9947-3D7C332CDBC4}"
EndProject
Project("{FAE04EC0-301F-11D3-BF4B-00C04F79EFBC}") = "LAB12_03.7", "LAB12_03.7\LAB12_03.7.csproj", "{6FBAD4DD-58AD-4AB2-BC6A-3CE592591258}"
EndProject
Project("{FAE04EC0-301F-11D3-BF4B-00C04F79EFBC}") = "LAB12_03.8", "LAB12_03.8\LAB12_03.8.csproj", "{ABE2AD65-B794-40F5-8FE2-E1425ED02F78}"
EndProject
Project("{FAE04EC0-301F-11D3-BF4B-00C04F79EFBC}") = "LAB12_03.9", "LAB12_03.9\LAB12_03.9.csproj", "{C7205914-8CFF-42E5-B09E-4FD7A4A0730B}"
EndProject
Project("{FAE04EC0-301F-11D3-BF4B-00C04F79EFBC}") = "LAB12_03.10", "LAB12_03.10\LAB12_03.10.csproj", "{18DC9ACB-7EB9-49D1-BF76-EF56C1212CD2}"
EndProject
Project("{FAE04EC0-301F-11D3-BF4B-00C04F79EFBC}") = "LAB12_03.11", "LAB12_03.11\LAB12_03.11.csproj", "{6740A6AE-8FF5-4C32-8E8A-2F818DC086B8}"
EndProject
Project("{FAE04EC0-301F-11D3-BF4B-00C04F79EFBC}") = "LAB12_03.12", "LAB12_03.12\LAB12_03.12.csproj", "{C05A29F2-37BE-48A2-9D53-426A4D38A1FD}"
EndProject
Project("{FAE04EC0-301F-11D3-BF4B-00C04F79EFBC}") = "LAB12_03.13", "LAB12_03.13\LAB12_03.13.csproj", "{2136094C-F5F8-4C46-BA9B-1C5EC0B3833E}"
EndProject
Project("{FAE04EC0-301F-11D3-BF4B-00C04F79EFBC}") = "LAB12_04.1", "LAB12_04.1\LAB12_04.1.csproj", "{62723DE2-36DE-470E-8307-A605AE3B40C8}"
EndProject
Project("{FAE04EC0-301F-11D3-BF4B-00C04F79EFBC}") = "LAB12_04.2", "LAB12_04.2\LAB12_04.2.csproj", "{48D0C3F1-5C5A-4A3A-9592-499D91D876C0}"
EndProject
Project("{FAE04EC0-301F-11D3-BF4B-00C04F79EFBC}") = "LAB12_04.3", "LAB12_04.3\LAB12_04.3.csproj", "{5596490E-AF67-48FD-9BEB-1527C0F93575}"
EndProject
Project("{FAE04EC0-301F-11D3-BF4B-00C04F79EFBC}") = "LAB12_04.4", "LAB12_04.4\LAB12_04.4.csproj", "{A95A55E8-20BF-403B-B36F-ED8E93C9843B}"
EndProject
Project("{FAE04EC0-301F-11D3-BF4B-00C04F79EFBC}") = "LAB12_04.5", "LAB12_04.5\LAB12_04.5.csproj", "{8D169256-C331-459E-B9FB-B0EEFCB20471}"
EndProject
Global
	GlobalSection(SolutionConfigurationPlatforms) = preSolution
		Debug|Any CPU = Debug|Any CPU
		Release|Any CPU = Release|Any CPU
	EndGlobalSection
	GlobalSection(ProjectConfigurationPlatforms) = postSolution
		{DFE09828-6BCF-4C11-974A-5FBE48E99056}.Debug|Any CPU.ActiveCfg = Debug|Any CPU
		{DFE09828-6BCF-4C11-974A-5FBE48E99056}.Debug|Any CPU.Build.0 = Debug|Any CPU
		{DFE09828-6BCF-4C11-974A-5FBE48E99056}.Release|Any CPU.ActiveCfg = Release|Any CPU
		{DFE09828-6BCF-4C11-974A-5FBE48E99056}.Release|Any CPU.Build.0 = Release|Any CPU
		{10AC9C0D-5FB8-4D43-B0BB-0051CF952E7C}.Debug|Any CPU.ActiveCfg = Debug|Any CPU
		{10AC9C0D-5FB8-4D43-B0BB-0051CF952E7C}.Debug|Any CPU.Build.0 = Debug|Any CPU
		{10AC9C0D-5FB8-4D43-B0BB-0051CF952E7C}.Release|Any CPU.ActiveCfg = Release|Any CPU
		{10AC9C0D-5FB8-4D43-B0BB-0051CF952E7C}.Release|Any CPU.Build.0 = Release|Any CPU
		{CDD4F1EC-D8AF-4FC2-A15E-30AC0BB1C180}.Debug|Any CPU.ActiveCfg = Debug|Any CPU
		{CDD4F1EC-D8AF-4FC2-A15E-30AC0BB1C180}.Debug|Any CPU.Build.0 = Debug|Any CPU
		{CDD4F1EC-D8AF-4FC2-A15E-30AC0BB1C180}.Release|Any CPU.ActiveCfg = Release|Any CPU
		{CDD4F1EC-D8AF-4FC2-A15E-30AC0BB1C180}.Release|Any CPU.Build.0 = Release|Any CPU
		{5C9A466E-1B1E-485D-9211-8E2CBEE0B846}.Debug|Any CPU.ActiveCfg = Debug|Any CPU
		{5C9A466E-1B1E-485D-9211-8E2CBEE0B846}.Debug|Any CPU.Build.0 = Debug|Any CPU
		{5C9A466E-1B1E-485D-9211-8E2CBEE0B846}.Release|Any CPU.ActiveCfg = Release|Any CPU
		{5C9A466E-1B1E-485D-9211-8E2CBEE0B846}.Release|Any CPU.Build.0 = Release|Any CPU
		{D41424E5-5633-43D9-91B8-40B9D27C43EC}.Debug|Any CPU.ActiveCfg = Debug|Any CPU
		{D41424E5-5633-43D9-91B8-40B9D27C43EC}.Debug|Any CPU.Build.0 = Debug|Any CPU
		{D41424E5-5633-43D9-91B8-40B9D27C43EC}.Release|Any CPU.ActiveCfg = Release|Any CPU
		{D41424E5-5633-43D9-91B8-40B9D27C43EC}.Release|Any CPU.Build.0 = Release|Any CPU
		{51102CC4-71EA-4D5B-9922-F2807640B6D6}.Debug|Any CPU.ActiveCfg = Debug|Any CPU
		{51102CC4-71EA-4D5B-9922-F2807640B6D6}.Debug|Any CPU.Build.0 = Debug|Any CPU
		{51102CC4-71EA-4D5B-9922-F2807640B6D6}.Release|Any CPU.ActiveCfg = Release|Any CPU
		{51102CC4-71EA-4D5B-9922-F2807640B6D6}.Release|Any CPU.Build.0 = Release|Any CPU
		{F3FC9E53-11D0-4BDF-88AE-B63A1F24FF79}.Debug|Any CPU.ActiveCfg = Debug|Any CPU
		{F3FC9E53-11D0-4BDF-88AE-B63A1F24FF79}.Debug|Any CPU.Build.0 = Debug|Any CPU
		{F3FC9E53-11D0-4BDF-88AE-B63A1F24FF79}.Release|Any CPU.ActiveCfg = Release|Any CPU
		{F3FC9E53-11D0-4BDF-88AE-B63A1F24FF79}.Release|Any CPU.Build.0 = Release|Any CPU
		{7788A962-16FD-492A-B8CE-6006D44D493D}.Debug|Any CPU.ActiveCfg = Debug|Any CPU
		{7788A962-16FD-492A-B8CE-6006D44D493D}.Debug|Any CPU.Build.0 = Debug|Any CPU
		{7788A962-16FD-492A-B8CE-6006D44D493D}.Release|Any CPU.ActiveCfg = Release|Any CPU
		{7788A962-16FD-492A-B8CE-6006D44D493D}.Release|Any CPU.Build.0 = Release|Any CPU
		{94CAF61F-B4F0-469D-8C9B-E4297DEAF4F2}.Debug|Any CPU.ActiveCfg = Debug|Any CPU
		{94CAF61F-B4F0-469D-8C9B-E4297DEAF4F2}.Debug|Any CPU.Build.0 = Debug|Any CPU
		{94CAF61F-B4F0-469D-8C9B-E4297DEAF4F2}.Release|Any CPU.ActiveCfg = Release|Any CPU
		{94CAF61F-B4F0-469D-8C9B-E4297DEAF4F2}.Release|Any CPU.Build.0 = Release|Any CPU
		{780942D7-93AB-4455-B13A-AA00B8A53BC6}.Debug|Any CPU.ActiveCfg = Debug|Any CPU
		{780942D7-93AB-4455-B13A-AA00B8A53BC6}.Debug|Any CPU.Build.0 = Debug|Any CPU
		{780942D7-93AB-4455-B13A-AA00B8A53BC6}.Release|Any CPU.ActiveCfg = Release|Any CPU
		{780942D7-93AB-4455-B13A-AA00B8A53BC6}.Release|Any CPU.Build.0 = Release|Any CPU
		{1711C90E-74BC-4FEF-996D-471598FF09A5}.Debug|Any CPU.ActiveCfg = Debug|Any CPU
		{1711C90E-74BC-4FEF-996D-471598FF09A5}.Debug|Any CPU.Build.0 = Debug|Any CPU
		{1711C90E-74BC-4FEF-996D-471598FF09A5}.Release|Any CPU.ActiveCfg = Release|Any CPU
		{1711C90E-74BC-4FEF-996D-471598FF09A5}.Release|Any CPU.Build.0 = Release|Any CPU
		{32516A5E-D2E9-49FC-9C59-03170717A3EA}.Debug|Any CPU.ActiveCfg = Debug|Any CPU
		{32516A5E-D2E9-49FC-9C59-03170717A3EA}.Debug|Any CPU.Build.0 = Debug|Any CPU
		{32516A5E-D2E9-49FC-9C59-03170717A3EA}.Release|Any CPU.ActiveCfg = Release|Any CPU
		{32516A5E-D2E9-49FC-9C59-03170717A3EA}.Release|Any CPU.Build.0 = Release|Any CPU
		{090D7745-21F3-4A66-9BEA-B0F26424FF74}.Debug|Any CPU.ActiveCfg = Debug|Any CPU
		{090D7745-21F3-4A66-9BEA-B0F26424FF74}.Debug|Any CPU.Build.0 = Debug|Any CPU
		{090D7745-21F3-4A66-9BEA-B0F26424FF74}.Release|Any CPU.ActiveCfg = Release|Any CPU
		{090D7745-21F3-4A66-9BEA-B0F26424FF74}.Release|Any CPU.Build.0 = Release|Any CPU
		{9E2B7982-82A1-46C8-9EF8-9AE4230C63A4}.Debug|Any CPU.ActiveCfg = Debug|Any CPU
		{9E2B7982-82A1-46C8-9EF8-9AE4230C63A4}.Debug|Any CPU.Build.0 = Debug|Any CPU
		{9E2B7982-82A1-46C8-9EF8-9AE4230C63A4}.Release|Any CPU.ActiveCfg = Release|Any CPU
		{9E2B7982-82A1-46C8-9EF8-9AE4230C63A4}.Release|Any CPU.Build.0 = Release|Any CPU
		{3DD22183-E029-4C3F-8596-9C470E571E2E}.Debug|Any CPU.ActiveCfg = Debug|Any CPU
		{3DD22183-E029-4C3F-8596-9C470E571E2E}.Debug|Any CPU.Build.0 = Debug|Any CPU
		{3DD22183-E029-4C3F-8596-9C470E571E2E}.Release|Any CPU.ActiveCfg = Release|Any CPU
		{3DD22183-E029-4C3F-8596-9C470E571E2E}.Release|Any CPU.Build.0 = Release|Any CPU
		{B0DD276D-20F8-4A8E-AE93-98F4D1EA1C90}.Debug|Any CPU.ActiveCfg = Debug|Any CPU
		{B0DD276D-20F8-4A8E-AE93-98F4D1EA1C90}.Debug|Any CPU.Build.0 = Debug|Any CPU
		{B0DD276D-20F8-4A8E-AE93-98F4D1EA1C90}.Release|Any CPU.ActiveCfg = Release|Any CPU
		{B0DD276D-20F8-4A8E-AE93-98F4D1EA1C90}.Release|Any CPU.Build.0 = Release|Any CPU
		{30A36401-1314-4A60-9C2F-CE7776DD3BCD}.Debug|Any CPU.ActiveCfg = Debug|Any CPU
		{30A36401-1314-4A60-9C2F-CE7776DD3BCD}.Debug|Any CPU.Build.0 = Debug|Any CPU
		{30A36401-1314-4A60-9C2F-CE7776DD3BCD}.Release|Any CPU.ActiveCfg = Release|Any CPU
		{30A36401-1314-4A60-9C2F-CE7776DD3BCD}.Release|Any CPU.Build.0 = Release|Any CPU
		{3D0A9447-F714-467A-9096-6904E74BA856}.Debug|Any CPU.ActiveCfg = Debug|Any CPU
		{3D0A9447-F714-467A-9096-6904E74BA856}.Debug|Any CPU.Build.0 = Debug|Any CPU
		{3D0A9447-F714-467A-9096-6904E74BA856}.Release|Any CPU.ActiveCfg = Release|Any CPU
		{3D0A9447-F714-467A-9096-6904E74BA856}.Release|Any CPU.Build.0 = Release|Any CPU
		{48A63A0D-4B29-4604-BB8B-42AC260CE994}.Debug|Any CPU.ActiveCfg = Debug|Any CPU
		{48A63A0D-4B29-4604-BB8B-42AC260CE994}.Debug|Any CPU.Build.0 = Debug|Any CPU
		{48A63A0D-4B29-4604-BB8B-42AC260CE994}.Release|Any CPU.ActiveCfg = Release|Any CPU
		{48A63A0D-4B29-4604-BB8B-42AC260CE994}.Release|Any CPU.Build.0 = Release|Any CPU
		{5FF0B982-F507-4B9A-94A6-8341D2445189}.Debug|Any CPU.ActiveCfg = Debug|Any CPU
		{5FF0B982-F507-4B9A-94A6-8341D2445189}.Debug|Any CPU.Build.0 = Debug|Any CPU
		{5FF0B982-F507-4B9A-94A6-8341D2445189}.Release|Any CPU.ActiveCfg = Release|Any CPU
		{5FF0B982-F507-4B9A-94A6-8341D2445189}.Release|Any CPU.Build.0 = Release|Any CPU
		{73139831-9A2D-4BC0-9A0A-118616562ECA}.Debug|Any CPU.ActiveCfg = Debug|Any CPU
		{73139831-9A2D-4BC0-9A0A-118616562ECA}.Debug|Any CPU.Build.0 = Debug|Any CPU
		{73139831-9A2D-4BC0-9A0A-118616562ECA}.Release|Any CPU.ActiveCfg = Release|Any CPU
		{73139831-9A2D-4BC0-9A0A-118616562ECA}.Release|Any CPU.Build.0 = Release|Any CPU
		{56C6B6BA-9B3E-46AE-9947-3D7C332CDBC4}.Debug|Any CPU.ActiveCfg = Debug|Any CPU
		{56C6B6BA-9B3E-46AE-9947-3D7C332CDBC4}.Debug|Any CPU.Build.0 = Debug|Any CPU
		{56C6B6BA-9B3E-46AE-9947-3D7C332CDBC4}.Release|Any CPU.ActiveCfg = Release|Any CPU
		{56C6B6BA-9B3E-46AE-9947-3D7C332CDBC4}.Release|Any CPU.Build.0 = Release|Any CPU
		{6FBAD4DD-58AD-4AB2-BC6A-3CE592591258}.Debug|Any CPU.ActiveCfg = Debug|Any CPU
		{6FBAD4DD-58AD-4AB2-BC6A-3CE592591258}.Debug|Any CPU.Build.0 = Debug|Any CPU
		{6FBAD4DD-58AD-4AB2-BC6A-3CE592591258}.Release|Any CPU.ActiveCfg = Release|Any CPU
		{6FBAD4DD-58AD-4AB2-BC6A-3CE592591258}.Release|Any CPU.Build.0 = Release|Any CPU
		{ABE2AD65-B794-40F5-8FE2-E1425ED02F78}.Debug|Any CPU.ActiveCfg = Debug|Any CPU
		{ABE2AD65-B794-40F5-8FE2-E1425ED02F78}.Debug|Any CPU.Build.0 = Debug|Any CPU
		{ABE2AD65-B794-40F5-8FE2-E1425ED02F78}.Release|Any CPU.ActiveCfg = Release|Any CPU
		{ABE2AD65-B794-40F5-8FE2-E1425ED02F78}.Release|Any CPU.Build.0 = Release|Any CPU
		{C7205914-8CFF-42E5-B09E-4FD7A4A0730B}.Debug|Any CPU.ActiveCfg = Debug|Any CPU
		{C7205914-8CFF-42E5-B09E-4FD7A4A0730B}.Debug|Any CPU.Build.0 = Debug|Any CPU
		{C7205914-8CFF-42E5-B09E-4FD7A4A0730B}.Release|Any CPU.ActiveCfg = Release|Any CPU
		{C7205914-8CFF-42E5-B09E-4FD7A4A0730B}.Release|Any CPU.Build.0 = Release|Any CPU
		{18DC9ACB-7EB9-49D1-BF76-EF56C1212CD2}.Debug|Any CPU.ActiveCfg = Debug|Any CPU
		{18DC9ACB-7EB9-49D1-BF76-EF56C1212CD2}.Debug|Any CPU.Build.0 = Debug|Any CPU
		{18DC9ACB-7EB9-49D1-BF76-EF56C1212CD2}.Release|Any CPU.ActiveCfg = Release|Any CPU
		{18DC9ACB-7EB9-49D1-BF76-EF56C1212CD2}.Release|Any CPU.Build.0 = Release|Any CPU
		{6740A6AE-8FF5-4C32-8E8A-2F818DC086B8}.Debug|Any CPU.ActiveCfg = Debug|Any CPU
		{6740A6AE-8FF5-4C32-8E8A-2F818DC086B8}.Debug|Any CPU.Build.0 = Debug|Any CPU
		{6740A6AE-8FF5-4C32-8E8A-2F818DC086B8}.Release|Any CPU.ActiveCfg = Release|Any CPU
		{6740A6AE-8FF5-4C32-8E8A-2F818DC086B8}.Release|Any CPU.Build.0 = Release|Any CPU
		{C05A29F2-37BE-48A2-9D53-426A4D38A1FD}.Debug|Any CPU.ActiveCfg = Debug|Any CPU
		{C05A29F2-37BE-48A2-9D53-426A4D38A1FD}.Debug|Any CPU.Build.0 = Debug|Any CPU
		{C05A29F2-37BE-48A2-9D53-426A4D38A1FD}.Release|Any CPU.ActiveCfg = Release|Any CPU
		{C05A29F2-37BE-48A2-9D53-426A4D38A1FD}.Release|Any CPU.Build.0 = Release|Any CPU
		{2136094C-F5F8-4C46-BA9B-1C5EC0B3833E}.Debug|Any CPU.ActiveCfg = Debug|Any CPU
		{2136094C-F5F8-4C46-BA9B-1C5EC0B3833E}.Debug|Any CPU.Build.0 = Debug|Any CPU
		{2136094C-F5F8-4C46-BA9B-1C5EC0B3833E}.Release|Any CPU.ActiveCfg = Release|Any CPU
		{2136094C-F5F8-4C46-BA9B-1C5EC0B3833E}.Release|Any CPU.Build.0 = Release|Any CPU
		{62723DE2-36DE-470E-8307-A605AE3B40C8}.Debug|Any CPU.ActiveCfg = Debug|Any CPU
		{62723DE2-36DE-470E-8307-A605AE3B40C8}.Debug|Any CPU.Build.0 = Debug|Any CPU
		{62723DE2-36DE-470E-8307-A605AE3B40C8}.Release|Any CPU.ActiveCfg = Release|Any CPU
		{62723DE2-36DE-470E-8307-A605AE3B40C8}.Release|Any CPU.Build.0 = Release|Any CPU
		{48D0C3F1-5C5A-4A3A-9592-499D91D876C0}.Debug|Any CPU.ActiveCfg = Debug|Any CPU
		{48D0C3F1-5C5A-4A3A-9592-499D91D876C0}.Debug|Any CPU.Build.0 = Debug|Any CPU
		{48D0C3F1-5C5A-4A3A-9592-499D91D876C0}.Release|Any CPU.ActiveCfg = Release|Any CPU
		{48D0C3F1-5C5A-4A3A-9592-499D91D876C0}.Release|Any CPU.Build.0 = Release|Any CPU
		{5596490E-AF67-48FD-9BEB-1527C0F93575}.Debug|Any CPU.ActiveCfg = Debug|Any CPU
		{5596490E-AF67-48FD-9BEB-1527C0F93575}.Debug|Any CPU.Build.0 = Debug|Any CPU
		{5596490E-AF67-48FD-9BEB-1527C0F93575}.Release|Any CPU.ActiveCfg = Release|Any CPU
		{5596490E-AF67-48FD-9BEB-1527C0F93575}.Release|Any CPU.Build.0 = Release|Any CPU
		{A95A55E8-20BF-403B-B36F-ED8E93C9843B}.Debug|Any CPU.ActiveCfg = Debug|Any CPU
		{A95A55E8-20BF-403B-B36F-ED8E93C9843B}.Debug|Any CPU.Build.0 = Debug|Any CPU
		{A95A55E8-20BF-403B-B36F-ED8E93C9843B}.Release|Any CPU.ActiveCfg = Release|Any CPU
		{A95A55E8-20BF-403B-B36F-ED8E93C9843B}.Release|Any CPU.Build.0 = Release|Any CPU
		{8D169256-C331-459E-B9FB-B0EEFCB20471}.Debug|Any CPU.ActiveCfg = Debug|Any CPU
		{8D169256-C331-459E-B9FB-B0EEFCB20471}.Debug|Any CPU.Build.0 = Debug|Any CPU
		{8D169256-C331-459E-B9FB-B0EEFCB20471}.Release|Any CPU.ActiveCfg = Release|Any CPU
		{8D169256-C331-459E-B9FB-B0EEFCB20471}.Release|Any CPU.Build.0 = Release|Any CPU
	EndGlobalSection
	GlobalSection(SolutionProperties) = preSolution
		HideSolutionNode = FALSE
	EndGlobalSection
	GlobalSection(ExtensibilityGlobals) = postSolution
		SolutionGuid = {6D6EF9A8-1AFA-4A90-AED7-94694073EF11}
	EndGlobalSection
EndGlobal
