
Microsoft Visual Studio Solution File, Format Version 12.00
# Visual Studio 15
VisualStudioVersion = 15.0.28307.852
MinimumVisualStudioVersion = 10.0.40219.1
Project("{FAE04EC0-301F-11D3-BF4B-00C04F79EFBC}") = "LAB6_P1", "LAB6_P1\LAB6_P1.csproj", "{7D72C0E1-B668-430F-809E-579811FDA8AC}"
EndProject
Project("{FAE04EC0-301F-11D3-BF4B-00C04F79EFBC}") = "LAB6_P2", "LAB6_P2\LAB6_P2.csproj", "{B51B6D1C-4007-49A7-A51C-BF46684AA177}"
EndProject
Project("{FAE04EC0-301F-11D3-BF4B-00C04F79EFBC}") = "LAB6_P3", "LAB6_P3\LAB6_P3.csproj", "{6398A68B-508F-4353-8708-51B7DB935F09}"
EndProject
Project("{FAE04EC0-301F-11D3-BF4B-00C04F79EFBC}") = "LAB6_P4", "LAB6_P4\LAB6_P4.csproj", "{56554F16-FF74-4953-8658-C07FCB54ADCA}"
EndProject
Project("{FAE04EC0-301F-11D3-BF4B-00C04F79EFBC}") = "LAB6_P5", "LAB6_P5\LAB6_P5.csproj", "{A370F20D-352F-48E5-AF46-DAE387F3CB05}"
EndProject
Project("{FAE04EC0-301F-11D3-BF4B-00C04F79EFBC}") = "LAB6_P6", "LAB6_P6\LAB6_P6.csproj", "{BF5ADEB6-6CE5-4494-94CB-DB5A95950D6F}"
EndProject
Project("{FAE04EC0-301F-11D3-BF4B-00C04F79EFBC}") = "LAB6_P7", "LAB6_P7\LAB6_P7.csproj", "{49257752-88D0-4F05-B1A4-5519D3BF2D7B}"
EndProject
Project("{FAE04EC0-301F-11D3-BF4B-00C04F79EFBC}") = "LAB6_P8", "LAB6_P8\LAB6_P8.csproj", "{F1E2D9B0-E02D-4616-B0EA-EE4C185E0637}"
EndProject
Project("{FAE04EC0-301F-11D3-BF4B-00C04F79EFBC}") = "LAB6_P9", "LAB6_P9\LAB6_P9.csproj", "{7A05CA79-38DF-43D8-925F-92803E969B40}"
EndProject
Project("{FAE04EC0-301F-11D3-BF4B-00C04F79EFBC}") = "LAB6_P10", "LAB6_P10\LAB6_P10.csproj", "{9B15D785-1257-4B2B-9160-D8BB458EF1F3}"
EndProject
Project("{FAE04EC0-301F-11D3-BF4B-00C04F79EFBC}") = "LAB6_P11", "LAB6_P11\LAB6_P11.csproj", "{D9A121A4-F7F7-46DE-AE76-3DD3DD32498F}"
EndProject
Project("{FAE04EC0-301F-11D3-BF4B-00C04F79EFBC}") = "LAB6_P12", "LAB6_P12\LAB6_P12.csproj", "{A96DDA53-48C1-4AA1-9332-55C085D08E87}"
EndProject
Project("{FAE04EC0-301F-11D3-BF4B-00C04F79EFBC}") = "LAB6_P13", "LAB6_P13\LAB6_P13.csproj", "{E0EED039-8880-445F-966D-66804CEE022C}"
EndProject
Project("{FAE04EC0-301F-11D3-BF4B-00C04F79EFBC}") = "LAB6_P14", "LAB6_P14\LAB6_P14.csproj", "{A8E33CEE-F68F-4100-9230-5FDDD957A074}"
EndProject
Project("{FAE04EC0-301F-11D3-BF4B-00C04F79EFBC}") = "LAB6_P15", "LAB6_P15\LAB6_P15.csproj", "{E7F62B23-228B-421D-BCBE-ACD29FD13A18}"
EndProject
Global
	GlobalSection(SolutionConfigurationPlatforms) = preSolution
		Debug|Any CPU = Debug|Any CPU
		Release|Any CPU = Release|Any CPU
	EndGlobalSection
	GlobalSection(ProjectConfigurationPlatforms) = postSolution
		{7D72C0E1-B668-430F-809E-579811FDA8AC}.Debug|Any CPU.ActiveCfg = Debug|Any CPU
		{7D72C0E1-B668-430F-809E-579811FDA8AC}.Debug|Any CPU.Build.0 = Debug|Any CPU
		{7D72C0E1-B668-430F-809E-579811FDA8AC}.Release|Any CPU.ActiveCfg = Release|Any CPU
		{7D72C0E1-B668-430F-809E-579811FDA8AC}.Release|Any CPU.Build.0 = Release|Any CPU
		{B51B6D1C-4007-49A7-A51C-BF46684AA177}.Debug|Any CPU.ActiveCfg = Debug|Any CPU
		{B51B6D1C-4007-49A7-A51C-BF46684AA177}.Debug|Any CPU.Build.0 = Debug|Any CPU
		{B51B6D1C-4007-49A7-A51C-BF46684AA177}.Release|Any CPU.ActiveCfg = Release|Any CPU
		{B51B6D1C-4007-49A7-A51C-BF46684AA177}.Release|Any CPU.Build.0 = Release|Any CPU
		{6398A68B-508F-4353-8708-51B7DB935F09}.Debug|Any CPU.ActiveCfg = Debug|Any CPU
		{6398A68B-508F-4353-8708-51B7DB935F09}.Debug|Any CPU.Build.0 = Debug|Any CPU
		{6398A68B-508F-4353-8708-51B7DB935F09}.Release|Any CPU.ActiveCfg = Release|Any CPU
		{6398A68B-508F-4353-8708-51B7DB935F09}.Release|Any CPU.Build.0 = Release|Any CPU
		{56554F16-FF74-4953-8658-C07FCB54ADCA}.Debug|Any CPU.ActiveCfg = Debug|Any CPU
		{56554F16-FF74-4953-8658-C07FCB54ADCA}.Debug|Any CPU.Build.0 = Debug|Any CPU
		{56554F16-FF74-4953-8658-C07FCB54ADCA}.Release|Any CPU.ActiveCfg = Release|Any CPU
		{56554F16-FF74-4953-8658-C07FCB54ADCA}.Release|Any CPU.Build.0 = Release|Any CPU
		{A370F20D-352F-48E5-AF46-DAE387F3CB05}.Debug|Any CPU.ActiveCfg = Debug|Any CPU
		{A370F20D-352F-48E5-AF46-DAE387F3CB05}.Debug|Any CPU.Build.0 = Debug|Any CPU
		{A370F20D-352F-48E5-AF46-DAE387F3CB05}.Release|Any CPU.ActiveCfg = Release|Any CPU
		{A370F20D-352F-48E5-AF46-DAE387F3CB05}.Release|Any CPU.Build.0 = Release|Any CPU
		{BF5ADEB6-6CE5-4494-94CB-DB5A95950D6F}.Debug|Any CPU.ActiveCfg = Debug|Any CPU
		{BF5ADEB6-6CE5-4494-94CB-DB5A95950D6F}.Debug|Any CPU.Build.0 = Debug|Any CPU
		{BF5ADEB6-6CE5-4494-94CB-DB5A95950D6F}.Release|Any CPU.ActiveCfg = Release|Any CPU
		{BF5ADEB6-6CE5-4494-94CB-DB5A95950D6F}.Release|Any CPU.Build.0 = Release|Any CPU
		{49257752-88D0-4F05-B1A4-5519D3BF2D7B}.Debug|Any CPU.ActiveCfg = Debug|Any CPU
		{49257752-88D0-4F05-B1A4-5519D3BF2D7B}.Debug|Any CPU.Build.0 = Debug|Any CPU
		{49257752-88D0-4F05-B1A4-5519D3BF2D7B}.Release|Any CPU.ActiveCfg = Release|Any CPU
		{49257752-88D0-4F05-B1A4-5519D3BF2D7B}.Release|Any CPU.Build.0 = Release|Any CPU
		{F1E2D9B0-E02D-4616-B0EA-EE4C185E0637}.Debug|Any CPU.ActiveCfg = Debug|Any CPU
		{F1E2D9B0-E02D-4616-B0EA-EE4C185E0637}.Debug|Any CPU.Build.0 = Debug|Any CPU
		{F1E2D9B0-E02D-4616-B0EA-EE4C185E0637}.Release|Any CPU.ActiveCfg = Release|Any CPU
		{F1E2D9B0-E02D-4616-B0EA-EE4C185E0637}.Release|Any CPU.Build.0 = Release|Any CPU
		{7A05CA79-38DF-43D8-925F-92803E969B40}.Debug|Any CPU.ActiveCfg = Debug|Any CPU
		{7A05CA79-38DF-43D8-925F-92803E969B40}.Debug|Any CPU.Build.0 = Debug|Any CPU
		{7A05CA79-38DF-43D8-925F-92803E969B40}.Release|Any CPU.ActiveCfg = Release|Any CPU
		{7A05CA79-38DF-43D8-925F-92803E969B40}.Release|Any CPU.Build.0 = Release|Any CPU
		{9B15D785-1257-4B2B-9160-D8BB458EF1F3}.Debug|Any CPU.ActiveCfg = Debug|Any CPU
		{9B15D785-1257-4B2B-9160-D8BB458EF1F3}.Debug|Any CPU.Build.0 = Debug|Any CPU
		{9B15D785-1257-4B2B-9160-D8BB458EF1F3}.Release|Any CPU.ActiveCfg = Release|Any CPU
		{9B15D785-1257-4B2B-9160-D8BB458EF1F3}.Release|Any CPU.Build.0 = Release|Any CPU
		{D9A121A4-F7F7-46DE-AE76-3DD3DD32498F}.Debug|Any CPU.ActiveCfg = Debug|Any CPU
		{D9A121A4-F7F7-46DE-AE76-3DD3DD32498F}.Debug|Any CPU.Build.0 = Debug|Any CPU
		{D9A121A4-F7F7-46DE-AE76-3DD3DD32498F}.Release|Any CPU.ActiveCfg = Release|Any CPU
		{D9A121A4-F7F7-46DE-AE76-3DD3DD32498F}.Release|Any CPU.Build.0 = Release|Any CPU
		{A96DDA53-48C1-4AA1-9332-55C085D08E87}.Debug|Any CPU.ActiveCfg = Debug|Any CPU
		{A96DDA53-48C1-4AA1-9332-55C085D08E87}.Debug|Any CPU.Build.0 = Debug|Any CPU
		{A96DDA53-48C1-4AA1-9332-55C085D08E87}.Release|Any CPU.ActiveCfg = Release|Any CPU
		{A96DDA53-48C1-4AA1-9332-55C085D08E87}.Release|Any CPU.Build.0 = Release|Any CPU
		{E0EED039-8880-445F-966D-66804CEE022C}.Debug|Any CPU.ActiveCfg = Debug|Any CPU
		{E0EED039-8880-445F-966D-66804CEE022C}.Debug|Any CPU.Build.0 = Debug|Any CPU
		{E0EED039-8880-445F-966D-66804CEE022C}.Release|Any CPU.ActiveCfg = Release|Any CPU
		{E0EED039-8880-445F-966D-66804CEE022C}.Release|Any CPU.Build.0 = Release|Any CPU
		{A8E33CEE-F68F-4100-9230-5FDDD957A074}.Debug|Any CPU.ActiveCfg = Debug|Any CPU
		{A8E33CEE-F68F-4100-9230-5FDDD957A074}.Debug|Any CPU.Build.0 = Debug|Any CPU
		{A8E33CEE-F68F-4100-9230-5FDDD957A074}.Release|Any CPU.ActiveCfg = Release|Any CPU
		{A8E33CEE-F68F-4100-9230-5FDDD957A074}.Release|Any CPU.Build.0 = Release|Any CPU
		{E7F62B23-228B-421D-BCBE-ACD29FD13A18}.Debug|Any CPU.ActiveCfg = Debug|Any CPU
		{E7F62B23-228B-421D-BCBE-ACD29FD13A18}.Debug|Any CPU.Build.0 = Debug|Any CPU
		{E7F62B23-228B-421D-BCBE-ACD29FD13A18}.Release|Any CPU.ActiveCfg = Release|Any CPU
		{E7F62B23-228B-421D-BCBE-ACD29FD13A18}.Release|Any CPU.Build.0 = Release|Any CPU
	EndGlobalSection
	GlobalSection(SolutionProperties) = preSolution
		HideSolutionNode = FALSE
	EndGlobalSection
	GlobalSection(ExtensibilityGlobals) = postSolution
		SolutionGuid = {E6697F50-4454-4F16-8658-29DD03E3D5BF}
	EndGlobalSection
EndGlobal
