
Microsoft Visual Studio Solution File, Format Version 12.00
# Visual Studio 15
VisualStudioVersion = 15.0.28307.852
MinimumVisualStudioVersion = 10.0.40219.1
Project("{FAE04EC0-301F-11D3-BF4B-00C04F79EFBC}") = "LAB5_P1", "LAB5_P1\LAB5_P1.csproj", "{C120D0B9-9009-4DA3-AF9A-DC530ECF4D7F}"
EndProject
Project("{FAE04EC0-301F-11D3-BF4B-00C04F79EFBC}") = "LAB5_P2", "LAB5_P2\LAB5_P2.csproj", "{12AE56D1-36F3-4A8A-A772-5A5C95C0D395}"
EndProject
Project("{FAE04EC0-301F-11D3-BF4B-00C04F79EFBC}") = "LAB5_P3", "LAB5_P3\LAB5_P3.csproj", "{C9E16D8E-E104-4C16-9ECD-7BB157528C15}"
EndProject
Project("{FAE04EC0-301F-11D3-BF4B-00C04F79EFBC}") = "LAB5_P4", "LAB5_P4\LAB5_P4.csproj", "{393B239E-DDFC-4E00-A22F-90DF66996E6F}"
EndProject
Project("{FAE04EC0-301F-11D3-BF4B-00C04F79EFBC}") = "LAB5_P5", "LAB5_P5\LAB5_P5.csproj", "{65CF4708-B4E6-4AC3-B71A-93EBB5830F16}"
EndProject
Project("{FAE04EC0-301F-11D3-BF4B-00C04F79EFBC}") = "LAB5_P6", "LAB5_P6\LAB5_P6.csproj", "{03EB0C40-8BF3-45AF-B062-3DBB8C7BC96A}"
EndProject
Project("{FAE04EC0-301F-11D3-BF4B-00C04F79EFBC}") = "LAB5_P7", "LAB5_P7\LAB5_P7.csproj", "{726DB2E6-F30C-48AF-9B56-5D8289D5E38F}"
EndProject
Project("{FAE04EC0-301F-11D3-BF4B-00C04F79EFBC}") = "LAB5_P8", "LAB5_P8\LAB5_P8.csproj", "{CF89785C-EC72-419E-9B92-FB3EBDD2AA1C}"
EndProject
Project("{FAE04EC0-301F-11D3-BF4B-00C04F79EFBC}") = "LAB5_P9", "LAB5_P9\LAB5_P9.csproj", "{419B77EC-FE04-4E3D-BDDF-52AA74D64093}"
EndProject
Project("{FAE04EC0-301F-11D3-BF4B-00C04F79EFBC}") = "LAB5_P10", "LAB5_P10\LAB5_P10.csproj", "{1449759A-E43C-4717-9EBB-B482A01C87DB}"
EndProject
Project("{FAE04EC0-301F-11D3-BF4B-00C04F79EFBC}") = "LAB5_P11", "LAB5_P11\LAB5_P11.csproj", "{053648C8-5EDC-4AC1-AC53-FFC3435DF711}"
EndProject
Project("{FAE04EC0-301F-11D3-BF4B-00C04F79EFBC}") = "LAB5_P12", "LAB5_P12\LAB5_P12.csproj", "{4CD4DDBD-ACD9-4F0E-84BF-2482E0E64939}"
EndProject
Project("{FAE04EC0-301F-11D3-BF4B-00C04F79EFBC}") = "LAB5_P13", "LAB5_P13\LAB5_P13.csproj", "{A35C913C-9EFC-4501-8BF9-664FEB9BD970}"
EndProject
Global
	GlobalSection(SolutionConfigurationPlatforms) = preSolution
		Debug|Any CPU = Debug|Any CPU
		Release|Any CPU = Release|Any CPU
	EndGlobalSection
	GlobalSection(ProjectConfigurationPlatforms) = postSolution
		{C120D0B9-9009-4DA3-AF9A-DC530ECF4D7F}.Debug|Any CPU.ActiveCfg = Debug|Any CPU
		{C120D0B9-9009-4DA3-AF9A-DC530ECF4D7F}.Debug|Any CPU.Build.0 = Debug|Any CPU
		{C120D0B9-9009-4DA3-AF9A-DC530ECF4D7F}.Release|Any CPU.ActiveCfg = Release|Any CPU
		{C120D0B9-9009-4DA3-AF9A-DC530ECF4D7F}.Release|Any CPU.Build.0 = Release|Any CPU
		{12AE56D1-36F3-4A8A-A772-5A5C95C0D395}.Debug|Any CPU.ActiveCfg = Debug|Any CPU
		{12AE56D1-36F3-4A8A-A772-5A5C95C0D395}.Debug|Any CPU.Build.0 = Debug|Any CPU
		{12AE56D1-36F3-4A8A-A772-5A5C95C0D395}.Release|Any CPU.ActiveCfg = Release|Any CPU
		{12AE56D1-36F3-4A8A-A772-5A5C95C0D395}.Release|Any CPU.Build.0 = Release|Any CPU
		{C9E16D8E-E104-4C16-9ECD-7BB157528C15}.Debug|Any CPU.ActiveCfg = Debug|Any CPU
		{C9E16D8E-E104-4C16-9ECD-7BB157528C15}.Debug|Any CPU.Build.0 = Debug|Any CPU
		{C9E16D8E-E104-4C16-9ECD-7BB157528C15}.Release|Any CPU.ActiveCfg = Release|Any CPU
		{C9E16D8E-E104-4C16-9ECD-7BB157528C15}.Release|Any CPU.Build.0 = Release|Any CPU
		{393B239E-DDFC-4E00-A22F-90DF66996E6F}.Debug|Any CPU.ActiveCfg = Debug|Any CPU
		{393B239E-DDFC-4E00-A22F-90DF66996E6F}.Debug|Any CPU.Build.0 = Debug|Any CPU
		{393B239E-DDFC-4E00-A22F-90DF66996E6F}.Release|Any CPU.ActiveCfg = Release|Any CPU
		{393B239E-DDFC-4E00-A22F-90DF66996E6F}.Release|Any CPU.Build.0 = Release|Any CPU
		{65CF4708-B4E6-4AC3-B71A-93EBB5830F16}.Debug|Any CPU.ActiveCfg = Debug|Any CPU
		{65CF4708-B4E6-4AC3-B71A-93EBB5830F16}.Debug|Any CPU.Build.0 = Debug|Any CPU
		{65CF4708-B4E6-4AC3-B71A-93EBB5830F16}.Release|Any CPU.ActiveCfg = Release|Any CPU
		{65CF4708-B4E6-4AC3-B71A-93EBB5830F16}.Release|Any CPU.Build.0 = Release|Any CPU
		{03EB0C40-8BF3-45AF-B062-3DBB8C7BC96A}.Debug|Any CPU.ActiveCfg = Debug|Any CPU
		{03EB0C40-8BF3-45AF-B062-3DBB8C7BC96A}.Debug|Any CPU.Build.0 = Debug|Any CPU
		{03EB0C40-8BF3-45AF-B062-3DBB8C7BC96A}.Release|Any CPU.ActiveCfg = Release|Any CPU
		{03EB0C40-8BF3-45AF-B062-3DBB8C7BC96A}.Release|Any CPU.Build.0 = Release|Any CPU
		{726DB2E6-F30C-48AF-9B56-5D8289D5E38F}.Debug|Any CPU.ActiveCfg = Debug|Any CPU
		{726DB2E6-F30C-48AF-9B56-5D8289D5E38F}.Debug|Any CPU.Build.0 = Debug|Any CPU
		{726DB2E6-F30C-48AF-9B56-5D8289D5E38F}.Release|Any CPU.ActiveCfg = Release|Any CPU
		{726DB2E6-F30C-48AF-9B56-5D8289D5E38F}.Release|Any CPU.Build.0 = Release|Any CPU
		{CF89785C-EC72-419E-9B92-FB3EBDD2AA1C}.Debug|Any CPU.ActiveCfg = Debug|Any CPU
		{CF89785C-EC72-419E-9B92-FB3EBDD2AA1C}.Debug|Any CPU.Build.0 = Debug|Any CPU
		{CF89785C-EC72-419E-9B92-FB3EBDD2AA1C}.Release|Any CPU.ActiveCfg = Release|Any CPU
		{CF89785C-EC72-419E-9B92-FB3EBDD2AA1C}.Release|Any CPU.Build.0 = Release|Any CPU
		{419B77EC-FE04-4E3D-BDDF-52AA74D64093}.Debug|Any CPU.ActiveCfg = Debug|Any CPU
		{419B77EC-FE04-4E3D-BDDF-52AA74D64093}.Debug|Any CPU.Build.0 = Debug|Any CPU
		{419B77EC-FE04-4E3D-BDDF-52AA74D64093}.Release|Any CPU.ActiveCfg = Release|Any CPU
		{419B77EC-FE04-4E3D-BDDF-52AA74D64093}.Release|Any CPU.Build.0 = Release|Any CPU
		{1449759A-E43C-4717-9EBB-B482A01C87DB}.Debug|Any CPU.ActiveCfg = Debug|Any CPU
		{1449759A-E43C-4717-9EBB-B482A01C87DB}.Debug|Any CPU.Build.0 = Debug|Any CPU
		{1449759A-E43C-4717-9EBB-B482A01C87DB}.Release|Any CPU.ActiveCfg = Release|Any CPU
		{1449759A-E43C-4717-9EBB-B482A01C87DB}.Release|Any CPU.Build.0 = Release|Any CPU
		{053648C8-5EDC-4AC1-AC53-FFC3435DF711}.Debug|Any CPU.ActiveCfg = Debug|Any CPU
		{053648C8-5EDC-4AC1-AC53-FFC3435DF711}.Debug|Any CPU.Build.0 = Debug|Any CPU
		{053648C8-5EDC-4AC1-AC53-FFC3435DF711}.Release|Any CPU.ActiveCfg = Release|Any CPU
		{053648C8-5EDC-4AC1-AC53-FFC3435DF711}.Release|Any CPU.Build.0 = Release|Any CPU
		{4CD4DDBD-ACD9-4F0E-84BF-2482E0E64939}.Debug|Any CPU.ActiveCfg = Debug|Any CPU
		{4CD4DDBD-ACD9-4F0E-84BF-2482E0E64939}.Debug|Any CPU.Build.0 = Debug|Any CPU
		{4CD4DDBD-ACD9-4F0E-84BF-2482E0E64939}.Release|Any CPU.ActiveCfg = Release|Any CPU
		{4CD4DDBD-ACD9-4F0E-84BF-2482E0E64939}.Release|Any CPU.Build.0 = Release|Any CPU
		{A35C913C-9EFC-4501-8BF9-664FEB9BD970}.Debug|Any CPU.ActiveCfg = Debug|Any CPU
		{A35C913C-9EFC-4501-8BF9-664FEB9BD970}.Debug|Any CPU.Build.0 = Debug|Any CPU
		{A35C913C-9EFC-4501-8BF9-664FEB9BD970}.Release|Any CPU.ActiveCfg = Release|Any CPU
		{A35C913C-9EFC-4501-8BF9-664FEB9BD970}.Release|Any CPU.Build.0 = Release|Any CPU
	EndGlobalSection
	GlobalSection(SolutionProperties) = preSolution
		HideSolutionNode = FALSE
	EndGlobalSection
	GlobalSection(ExtensibilityGlobals) = postSolution
		SolutionGuid = {17795F46-A579-4C48-A37A-2CFC13BEAEA6}
	EndGlobalSection
EndGlobal
