
Microsoft Visual Studio Solution File, Format Version 12.00
# Visual Studio 15
VisualStudioVersion = 15.0.28307.852
MinimumVisualStudioVersion = 10.0.40219.1
Project("{FAE04EC0-301F-11D3-BF4B-00C04F79EFBC}") = "LAB1_P1", "LAB1_P1\LAB1_P1.csproj", "{970EF469-9F3D-4012-84FE-AF36D32A71A9}"
EndProject
Project("{FAE04EC0-301F-11D3-BF4B-00C04F79EFBC}") = "LAB1_P2", "LAB1_P2\LAB1_P2.csproj", "{C04E69A8-898C-4244-9F14-DD7444BA9E64}"
EndProject
Project("{FAE04EC0-301F-11D3-BF4B-00C04F79EFBC}") = "LAB1_P3", "LAB1_P3\LAB1_P3.csproj", "{18CBAD8F-1D07-4582-82AD-B5AB492DD20C}"
EndProject
Project("{FAE04EC0-301F-11D3-BF4B-00C04F79EFBC}") = "LAB1_P4", "LAB1_P4\LAB1_P4.csproj", "{9998D59B-9087-44D6-92D6-416670E523FD}"
EndProject
Project("{FAE04EC0-301F-11D3-BF4B-00C04F79EFBC}") = "LAB1_P5", "LAB1_P5\LAB1_P5.csproj", "{FE98E53C-35DD-44F8-A7C6-85285FA94EF2}"
EndProject
Project("{FAE04EC0-301F-11D3-BF4B-00C04F79EFBC}") = "LAB1_P6", "LAB1_P6\LAB1_P6.csproj", "{DB7EC3F4-F024-4182-AD87-82F06BA21A11}"
EndProject
Project("{FAE04EC0-301F-11D3-BF4B-00C04F79EFBC}") = "LAB1_P7", "LAB1_P7\LAB1_P7.csproj", "{D1357C97-1D67-4393-8A98-99F1A77D6BC9}"
EndProject
Project("{FAE04EC0-301F-11D3-BF4B-00C04F79EFBC}") = "LAB1_P8", "LAB1_P8\LAB1_P8.csproj", "{316E412E-4146-40BC-AAF9-00CE058DA7BD}"
EndProject
Project("{FAE04EC0-301F-11D3-BF4B-00C04F79EFBC}") = "LAB1_P9", "LAB1_P9\LAB1_P9.csproj", "{F265928D-0591-4510-AD09-7FFAF3C19879}"
EndProject
Project("{FAE04EC0-301F-11D3-BF4B-00C04F79EFBC}") = "LAB1_P10", "LAB1_P10\LAB1_P10.csproj", "{12E40844-7518-4A82-A2B1-6F5B4B244769}"
EndProject
Global
	GlobalSection(SolutionConfigurationPlatforms) = preSolution
		Debug|Any CPU = Debug|Any CPU
		Release|Any CPU = Release|Any CPU
	EndGlobalSection
	GlobalSection(ProjectConfigurationPlatforms) = postSolution
		{970EF469-9F3D-4012-84FE-AF36D32A71A9}.Debug|Any CPU.ActiveCfg = Debug|Any CPU
		{970EF469-9F3D-4012-84FE-AF36D32A71A9}.Debug|Any CPU.Build.0 = Debug|Any CPU
		{970EF469-9F3D-4012-84FE-AF36D32A71A9}.Release|Any CPU.ActiveCfg = Release|Any CPU
		{970EF469-9F3D-4012-84FE-AF36D32A71A9}.Release|Any CPU.Build.0 = Release|Any CPU
		{C04E69A8-898C-4244-9F14-DD7444BA9E64}.Debug|Any CPU.ActiveCfg = Debug|Any CPU
		{C04E69A8-898C-4244-9F14-DD7444BA9E64}.Debug|Any CPU.Build.0 = Debug|Any CPU
		{C04E69A8-898C-4244-9F14-DD7444BA9E64}.Release|Any CPU.ActiveCfg = Release|Any CPU
		{C04E69A8-898C-4244-9F14-DD7444BA9E64}.Release|Any CPU.Build.0 = Release|Any CPU
		{18CBAD8F-1D07-4582-82AD-B5AB492DD20C}.Debug|Any CPU.ActiveCfg = Debug|Any CPU
		{18CBAD8F-1D07-4582-82AD-B5AB492DD20C}.Debug|Any CPU.Build.0 = Debug|Any CPU
		{18CBAD8F-1D07-4582-82AD-B5AB492DD20C}.Release|Any CPU.ActiveCfg = Release|Any CPU
		{18CBAD8F-1D07-4582-82AD-B5AB492DD20C}.Release|Any CPU.Build.0 = Release|Any CPU
		{9998D59B-9087-44D6-92D6-416670E523FD}.Debug|Any CPU.ActiveCfg = Debug|Any CPU
		{9998D59B-9087-44D6-92D6-416670E523FD}.Debug|Any CPU.Build.0 = Debug|Any CPU
		{9998D59B-9087-44D6-92D6-416670E523FD}.Release|Any CPU.ActiveCfg = Release|Any CPU
		{9998D59B-9087-44D6-92D6-416670E523FD}.Release|Any CPU.Build.0 = Release|Any CPU
		{FE98E53C-35DD-44F8-A7C6-85285FA94EF2}.Debug|Any CPU.ActiveCfg = Debug|Any CPU
		{FE98E53C-35DD-44F8-A7C6-85285FA94EF2}.Debug|Any CPU.Build.0 = Debug|Any CPU
		{FE98E53C-35DD-44F8-A7C6-85285FA94EF2}.Release|Any CPU.ActiveCfg = Release|Any CPU
		{FE98E53C-35DD-44F8-A7C6-85285FA94EF2}.Release|Any CPU.Build.0 = Release|Any CPU
		{DB7EC3F4-F024-4182-AD87-82F06BA21A11}.Debug|Any CPU.ActiveCfg = Debug|Any CPU
		{DB7EC3F4-F024-4182-AD87-82F06BA21A11}.Debug|Any CPU.Build.0 = Debug|Any CPU
		{DB7EC3F4-F024-4182-AD87-82F06BA21A11}.Release|Any CPU.ActiveCfg = Release|Any CPU
		{DB7EC3F4-F024-4182-AD87-82F06BA21A11}.Release|Any CPU.Build.0 = Release|Any CPU
		{D1357C97-1D67-4393-8A98-99F1A77D6BC9}.Debug|Any CPU.ActiveCfg = Debug|Any CPU
		{D1357C97-1D67-4393-8A98-99F1A77D6BC9}.Debug|Any CPU.Build.0 = Debug|Any CPU
		{D1357C97-1D67-4393-8A98-99F1A77D6BC9}.Release|Any CPU.ActiveCfg = Release|Any CPU
		{D1357C97-1D67-4393-8A98-99F1A77D6BC9}.Release|Any CPU.Build.0 = Release|Any CPU
		{316E412E-4146-40BC-AAF9-00CE058DA7BD}.Debug|Any CPU.ActiveCfg = Debug|Any CPU
		{316E412E-4146-40BC-AAF9-00CE058DA7BD}.Debug|Any CPU.Build.0 = Debug|Any CPU
		{316E412E-4146-40BC-AAF9-00CE058DA7BD}.Release|Any CPU.ActiveCfg = Release|Any CPU
		{316E412E-4146-40BC-AAF9-00CE058DA7BD}.Release|Any CPU.Build.0 = Release|Any CPU
		{F265928D-0591-4510-AD09-7FFAF3C19879}.Debug|Any CPU.ActiveCfg = Debug|Any CPU
		{F265928D-0591-4510-AD09-7FFAF3C19879}.Debug|Any CPU.Build.0 = Debug|Any CPU
		{F265928D-0591-4510-AD09-7FFAF3C19879}.Release|Any CPU.ActiveCfg = Release|Any CPU
		{F265928D-0591-4510-AD09-7FFAF3C19879}.Release|Any CPU.Build.0 = Release|Any CPU
		{12E40844-7518-4A82-A2B1-6F5B4B244769}.Debug|Any CPU.ActiveCfg = Debug|Any CPU
		{12E40844-7518-4A82-A2B1-6F5B4B244769}.Debug|Any CPU.Build.0 = Debug|Any CPU
		{12E40844-7518-4A82-A2B1-6F5B4B244769}.Release|Any CPU.ActiveCfg = Release|Any CPU
		{12E40844-7518-4A82-A2B1-6F5B4B244769}.Release|Any CPU.Build.0 = Release|Any CPU
	EndGlobalSection
	GlobalSection(SolutionProperties) = preSolution
		HideSolutionNode = FALSE
	EndGlobalSection
	GlobalSection(ExtensibilityGlobals) = postSolution
		SolutionGuid = {EF9DC862-FDB9-4D60-AC6C-2BA44FA03476}
	EndGlobalSection
EndGlobal
