
Microsoft Visual Studio Solution File, Format Version 12.00
# Visual Studio 15
VisualStudioVersion = 15.0.28010.2036
MinimumVisualStudioVersion = 10.0.40219.1
Project("{FAE04EC0-301F-11D3-BF4B-00C04F79EFBC}") = "DogBoarding", "DogBoarding\DogBoarding.csproj", "{A183BE34-F78C-43FD-968D-9D83A2012F72}"
EndProject
Global
	GlobalSection(SolutionConfigurationPlatforms) = preSolution
		Debug|Any CPU = Debug|Any CPU
		Release|Any CPU = Release|Any CPU
	EndGlobalSection
	GlobalSection(ProjectConfigurationPlatforms) = postSolution
		{A183BE34-F78C-43FD-968D-9D83A2012F72}.Debug|Any CPU.ActiveCfg = Debug|Any CPU
		{A183BE34-F78C-43FD-968D-9D83A2012F72}.Debug|Any CPU.Build.0 = Debug|Any CPU
		{A183BE34-F78C-43FD-968D-9D83A2012F72}.Release|Any CPU.ActiveCfg = Release|Any CPU
		{A183BE34-F78C-43FD-968D-9D83A2012F72}.Release|Any CPU.Build.0 = Release|Any CPU
	EndGlobalSection
	GlobalSection(SolutionProperties) = preSolution
		HideSolutionNode = FALSE
	EndGlobalSection
	GlobalSection(ExtensibilityGlobals) = postSolution
		SolutionGuid = {E5D8A9A2-D82A-4CF5-BFAB-DEB0EDD3A64E}
	EndGlobalSection
EndGlobal
