
Microsoft Visual Studio Solution File, Format Version 12.00
# Visual Studio 15
VisualStudioVersion = 15.0.28307.852
MinimumVisualStudioVersion = 10.0.40219.1
Project("{FAE04EC0-301F-11D3-BF4B-00C04F79EFBC}") = "LAB8_01", "LAB8_01\LAB8_01.csproj", "{25F0D84D-A4A5-4E10-A7C2-AFD2223BBF5D}"
EndProject
Project("{FAE04EC0-301F-11D3-BF4B-00C04F79EFBC}") = "LAB8_02", "LAB8_02\LAB8_02.csproj", "{1B717144-7E59-4187-9467-8A69ECE60373}"
EndProject
Project("{FAE04EC0-301F-11D3-BF4B-00C04F79EFBC}") = "LAB8_03", "LAB8_03\LAB8_03.csproj", "{E97C1719-A4AC-474F-A9F1-13C087A4BB96}"
EndProject
Project("{FAE04EC0-301F-11D3-BF4B-00C04F79EFBC}") = "LAB8_04", "LAB8_04\LAB8_04.csproj", "{E880833E-8C40-42FF-9072-9A5AB6F285A5}"
EndProject
Project("{FAE04EC0-301F-11D3-BF4B-00C04F79EFBC}") = "LAB8_05", "LAB8_05\LAB8_05.csproj", "{11ADDAEB-DA00-402C-9CE1-CB911C48542E}"
EndProject
Project("{FAE04EC0-301F-11D3-BF4B-00C04F79EFBC}") = "LAB8_06", "LAB8_06\LAB8_06.csproj", "{9B0794C7-7DF5-4DDE-BFD8-A6E660FD14C7}"
EndProject
Project("{FAE04EC0-301F-11D3-BF4B-00C04F79EFBC}") = "LAB8_07", "LAB8_07\LAB8_07.csproj", "{EA7A737B-69D2-45D5-8331-7EB8D8D64CC9}"
EndProject
Project("{FAE04EC0-301F-11D3-BF4B-00C04F79EFBC}") = "LAB8_08", "LAB8_08\LAB8_08.csproj", "{8682A1C0-7DEA-43C7-8525-6A6AB20C34A1}"
EndProject
Project("{FAE04EC0-301F-11D3-BF4B-00C04F79EFBC}") = "LAB8_09", "LAB8_09\LAB8_09.csproj", "{18CE7914-CE73-4315-B4B4-D18CBDB42232}"
EndProject
Project("{FAE04EC0-301F-11D3-BF4B-00C04F79EFBC}") = "LAB8_10", "LAB8_10\LAB8_10.csproj", "{FF2CF78F-A0A6-404E-B01E-5C97FBB35C22}"
EndProject
Project("{FAE04EC0-301F-11D3-BF4B-00C04F79EFBC}") = "LAB8_11", "LAB8_11\LAB8_11.csproj", "{1B247BD6-1BD1-40AE-8D14-69C8B7AEAF0D}"
EndProject
Project("{FAE04EC0-301F-11D3-BF4B-00C04F79EFBC}") = "LAB8_12", "LAB8_12\LAB8_12.csproj", "{76767BEB-37AF-40F4-9E96-206E514515E6}"
EndProject
Project("{FAE04EC0-301F-11D3-BF4B-00C04F79EFBC}") = "LAB8_13", "LAB8_13\LAB8_13.csproj", "{C7788A78-794F-4421-AF7A-575AAC61F961}"
EndProject
Global
	GlobalSection(SolutionConfigurationPlatforms) = preSolution
		Debug|Any CPU = Debug|Any CPU
		Release|Any CPU = Release|Any CPU
	EndGlobalSection
	GlobalSection(ProjectConfigurationPlatforms) = postSolution
		{25F0D84D-A4A5-4E10-A7C2-AFD2223BBF5D}.Debug|Any CPU.ActiveCfg = Debug|Any CPU
		{25F0D84D-A4A5-4E10-A7C2-AFD2223BBF5D}.Debug|Any CPU.Build.0 = Debug|Any CPU
		{25F0D84D-A4A5-4E10-A7C2-AFD2223BBF5D}.Release|Any CPU.ActiveCfg = Release|Any CPU
		{25F0D84D-A4A5-4E10-A7C2-AFD2223BBF5D}.Release|Any CPU.Build.0 = Release|Any CPU
		{1B717144-7E59-4187-9467-8A69ECE60373}.Debug|Any CPU.ActiveCfg = Debug|Any CPU
		{1B717144-7E59-4187-9467-8A69ECE60373}.Debug|Any CPU.Build.0 = Debug|Any CPU
		{1B717144-7E59-4187-9467-8A69ECE60373}.Release|Any CPU.ActiveCfg = Release|Any CPU
		{1B717144-7E59-4187-9467-8A69ECE60373}.Release|Any CPU.Build.0 = Release|Any CPU
		{E97C1719-A4AC-474F-A9F1-13C087A4BB96}.Debug|Any CPU.ActiveCfg = Debug|Any CPU
		{E97C1719-A4AC-474F-A9F1-13C087A4BB96}.Debug|Any CPU.Build.0 = Debug|Any CPU
		{E97C1719-A4AC-474F-A9F1-13C087A4BB96}.Release|Any CPU.ActiveCfg = Release|Any CPU
		{E97C1719-A4AC-474F-A9F1-13C087A4BB96}.Release|Any CPU.Build.0 = Release|Any CPU
		{E880833E-8C40-42FF-9072-9A5AB6F285A5}.Debug|Any CPU.ActiveCfg = Debug|Any CPU
		{E880833E-8C40-42FF-9072-9A5AB6F285A5}.Debug|Any CPU.Build.0 = Debug|Any CPU
		{E880833E-8C40-42FF-9072-9A5AB6F285A5}.Release|Any CPU.ActiveCfg = Release|Any CPU
		{E880833E-8C40-42FF-9072-9A5AB6F285A5}.Release|Any CPU.Build.0 = Release|Any CPU
		{11ADDAEB-DA00-402C-9CE1-CB911C48542E}.Debug|Any CPU.ActiveCfg = Debug|Any CPU
		{11ADDAEB-DA00-402C-9CE1-CB911C48542E}.Debug|Any CPU.Build.0 = Debug|Any CPU
		{11ADDAEB-DA00-402C-9CE1-CB911C48542E}.Release|Any CPU.ActiveCfg = Release|Any CPU
		{11ADDAEB-DA00-402C-9CE1-CB911C48542E}.Release|Any CPU.Build.0 = Release|Any CPU
		{9B0794C7-7DF5-4DDE-BFD8-A6E660FD14C7}.Debug|Any CPU.ActiveCfg = Debug|Any CPU
		{9B0794C7-7DF5-4DDE-BFD8-A6E660FD14C7}.Debug|Any CPU.Build.0 = Debug|Any CPU
		{9B0794C7-7DF5-4DDE-BFD8-A6E660FD14C7}.Release|Any CPU.ActiveCfg = Release|Any CPU
		{9B0794C7-7DF5-4DDE-BFD8-A6E660FD14C7}.Release|Any CPU.Build.0 = Release|Any CPU
		{EA7A737B-69D2-45D5-8331-7EB8D8D64CC9}.Debug|Any CPU.ActiveCfg = Debug|Any CPU
		{EA7A737B-69D2-45D5-8331-7EB8D8D64CC9}.Debug|Any CPU.Build.0 = Debug|Any CPU
		{EA7A737B-69D2-45D5-8331-7EB8D8D64CC9}.Release|Any CPU.ActiveCfg = Release|Any CPU
		{EA7A737B-69D2-45D5-8331-7EB8D8D64CC9}.Release|Any CPU.Build.0 = Release|Any CPU
		{8682A1C0-7DEA-43C7-8525-6A6AB20C34A1}.Debug|Any CPU.ActiveCfg = Debug|Any CPU
		{8682A1C0-7DEA-43C7-8525-6A6AB20C34A1}.Debug|Any CPU.Build.0 = Debug|Any CPU
		{8682A1C0-7DEA-43C7-8525-6A6AB20C34A1}.Release|Any CPU.ActiveCfg = Release|Any CPU
		{8682A1C0-7DEA-43C7-8525-6A6AB20C34A1}.Release|Any CPU.Build.0 = Release|Any CPU
		{18CE7914-CE73-4315-B4B4-D18CBDB42232}.Debug|Any CPU.ActiveCfg = Debug|Any CPU
		{18CE7914-CE73-4315-B4B4-D18CBDB42232}.Debug|Any CPU.Build.0 = Debug|Any CPU
		{18CE7914-CE73-4315-B4B4-D18CBDB42232}.Release|Any CPU.ActiveCfg = Release|Any CPU
		{18CE7914-CE73-4315-B4B4-D18CBDB42232}.Release|Any CPU.Build.0 = Release|Any CPU
		{FF2CF78F-A0A6-404E-B01E-5C97FBB35C22}.Debug|Any CPU.ActiveCfg = Debug|Any CPU
		{FF2CF78F-A0A6-404E-B01E-5C97FBB35C22}.Debug|Any CPU.Build.0 = Debug|Any CPU
		{FF2CF78F-A0A6-404E-B01E-5C97FBB35C22}.Release|Any CPU.ActiveCfg = Release|Any CPU
		{FF2CF78F-A0A6-404E-B01E-5C97FBB35C22}.Release|Any CPU.Build.0 = Release|Any CPU
		{1B247BD6-1BD1-40AE-8D14-69C8B7AEAF0D}.Debug|Any CPU.ActiveCfg = Debug|Any CPU
		{1B247BD6-1BD1-40AE-8D14-69C8B7AEAF0D}.Debug|Any CPU.Build.0 = Debug|Any CPU
		{1B247BD6-1BD1-40AE-8D14-69C8B7AEAF0D}.Release|Any CPU.ActiveCfg = Release|Any CPU
		{1B247BD6-1BD1-40AE-8D14-69C8B7AEAF0D}.Release|Any CPU.Build.0 = Release|Any CPU
		{76767BEB-37AF-40F4-9E96-206E514515E6}.Debug|Any CPU.ActiveCfg = Debug|Any CPU
		{76767BEB-37AF-40F4-9E96-206E514515E6}.Debug|Any CPU.Build.0 = Debug|Any CPU
		{76767BEB-37AF-40F4-9E96-206E514515E6}.Release|Any CPU.ActiveCfg = Release|Any CPU
		{76767BEB-37AF-40F4-9E96-206E514515E6}.Release|Any CPU.Build.0 = Release|Any CPU
		{C7788A78-794F-4421-AF7A-575AAC61F961}.Debug|Any CPU.ActiveCfg = Debug|Any CPU
		{C7788A78-794F-4421-AF7A-575AAC61F961}.Debug|Any CPU.Build.0 = Debug|Any CPU
		{C7788A78-794F-4421-AF7A-575AAC61F961}.Release|Any CPU.ActiveCfg = Release|Any CPU
		{C7788A78-794F-4421-AF7A-575AAC61F961}.Release|Any CPU.Build.0 = Release|Any CPU
	EndGlobalSection
	GlobalSection(SolutionProperties) = preSolution
		HideSolutionNode = FALSE
	EndGlobalSection
	GlobalSection(ExtensibilityGlobals) = postSolution
		SolutionGuid = {0A155626-270A-4015-9A61-493584D41E5F}
	EndGlobalSection
EndGlobal
