
Microsoft Visual Studio Solution File, Format Version 12.00
# Visual Studio 15
VisualStudioVersion = 15.0.28307.852
MinimumVisualStudioVersion = 10.0.40219.1
Project("{FAE04EC0-301F-11D3-BF4B-00C04F79EFBC}") = "LAB7_01", "LAB7_01\LAB7_01.csproj", "{AC0DFFC0-C555-4413-B0A1-7FA12D4D4B06}"
EndProject
Project("{FAE04EC0-301F-11D3-BF4B-00C04F79EFBC}") = "LAB7_02", "LAB7_02\LAB7_02.csproj", "{9B57012F-A88A-4787-90F0-03C51E046C6B}"
EndProject
Project("{FAE04EC0-301F-11D3-BF4B-00C04F79EFBC}") = "LAB7_03", "LAB7_03\LAB7_03.csproj", "{0E44B6C3-841F-49CE-A2E9-30EE08DABC40}"
EndProject
Project("{FAE04EC0-301F-11D3-BF4B-00C04F79EFBC}") = "LAB7_04", "LAB7_04\LAB7_04.csproj", "{E4B47974-8B43-4A8B-A90A-C08753606F47}"
EndProject
Project("{FAE04EC0-301F-11D3-BF4B-00C04F79EFBC}") = "LAB7_05", "LAB7_05\LAB7_05.csproj", "{DC3373DC-7F70-4305-A038-24417CCF5FF2}"
EndProject
Project("{FAE04EC0-301F-11D3-BF4B-00C04F79EFBC}") = "LAB7_06", "LAB7_06\LAB7_06.csproj", "{661EC4F3-26CF-4B80-9570-67DC990238D8}"
EndProject
Project("{FAE04EC0-301F-11D3-BF4B-00C04F79EFBC}") = "LAB7_07", "LAB7_07\LAB7_07.csproj", "{E8E65903-D34D-40CC-BAAD-047EEC019D83}"
EndProject
Project("{FAE04EC0-301F-11D3-BF4B-00C04F79EFBC}") = "LAB7_08", "LAB7_08\LAB7_08.csproj", "{21B66354-8EDA-4AB5-9ACE-2F0F2850230A}"
EndProject
Project("{FAE04EC0-301F-11D3-BF4B-00C04F79EFBC}") = "LAB7_09", "LAB7_09\LAB7_09.csproj", "{AC126F59-7D4B-4C4B-B443-4CD64442D8DF}"
EndProject
Project("{FAE04EC0-301F-11D3-BF4B-00C04F79EFBC}") = "LAB7_10", "LAB7_10\LAB7_10.csproj", "{50EBE1EF-8014-4A83-BA34-0DF998C4141F}"
EndProject
Project("{FAE04EC0-301F-11D3-BF4B-00C04F79EFBC}") = "LAB7_11", "LAB7_11\LAB7_11.csproj", "{B96C92A7-039E-4A62-BD3F-45E71F8450B1}"
EndProject
Project("{FAE04EC0-301F-11D3-BF4B-00C04F79EFBC}") = "LAB7_12", "LAB7_12\LAB7_12.csproj", "{D5925E03-B63F-4916-8296-6780C40D6625}"
EndProject
Project("{FAE04EC0-301F-11D3-BF4B-00C04F79EFBC}") = "LAB7_13", "LAB7_13\LAB7_13.csproj", "{55630316-20A1-41F0-A8E0-FE1442310670}"
EndProject
Project("{FAE04EC0-301F-11D3-BF4B-00C04F79EFBC}") = "LAB7_14", "LAB7_14\LAB7_14.csproj", "{CE2DFDB1-2247-49E1-A67B-16B64F606526}"
EndProject
Project("{FAE04EC0-301F-11D3-BF4B-00C04F79EFBC}") = "LAB7_15", "LAB7_15\LAB7_15.csproj", "{D5106700-63B5-4DD1-851B-E6274CC377A7}"
EndProject
Project("{FAE04EC0-301F-11D3-BF4B-00C04F79EFBC}") = "LAB7_16", "LAB7_16\LAB7_16.csproj", "{36F59E1A-CBD5-445C-85B0-685418A8625F}"
EndProject
Project("{FAE04EC0-301F-11D3-BF4B-00C04F79EFBC}") = "LAB7_17", "LAB7_17\LAB7_17.csproj", "{321DDD11-C078-49CA-A4F3-5D9CC3AFDF89}"
EndProject
Project("{FAE04EC0-301F-11D3-BF4B-00C04F79EFBC}") = "LAB7_18", "LAB7_18\LAB7_18.csproj", "{46A75A69-01AE-4C8B-A685-23DEE8A8366F}"
EndProject
Project("{FAE04EC0-301F-11D3-BF4B-00C04F79EFBC}") = "LAB7_19", "LAB7_19\LAB7_19.csproj", "{96E934E8-9B53-49F6-9DBB-602B7C26F4DD}"
EndProject
Global
	GlobalSection(SolutionConfigurationPlatforms) = preSolution
		Debug|Any CPU = Debug|Any CPU
		Release|Any CPU = Release|Any CPU
	EndGlobalSection
	GlobalSection(ProjectConfigurationPlatforms) = postSolution
		{AC0DFFC0-C555-4413-B0A1-7FA12D4D4B06}.Debug|Any CPU.ActiveCfg = Debug|Any CPU
		{AC0DFFC0-C555-4413-B0A1-7FA12D4D4B06}.Debug|Any CPU.Build.0 = Debug|Any CPU
		{AC0DFFC0-C555-4413-B0A1-7FA12D4D4B06}.Release|Any CPU.ActiveCfg = Release|Any CPU
		{AC0DFFC0-C555-4413-B0A1-7FA12D4D4B06}.Release|Any CPU.Build.0 = Release|Any CPU
		{9B57012F-A88A-4787-90F0-03C51E046C6B}.Debug|Any CPU.ActiveCfg = Debug|Any CPU
		{9B57012F-A88A-4787-90F0-03C51E046C6B}.Debug|Any CPU.Build.0 = Debug|Any CPU
		{9B57012F-A88A-4787-90F0-03C51E046C6B}.Release|Any CPU.ActiveCfg = Release|Any CPU
		{9B57012F-A88A-4787-90F0-03C51E046C6B}.Release|Any CPU.Build.0 = Release|Any CPU
		{0E44B6C3-841F-49CE-A2E9-30EE08DABC40}.Debug|Any CPU.ActiveCfg = Debug|Any CPU
		{0E44B6C3-841F-49CE-A2E9-30EE08DABC40}.Debug|Any CPU.Build.0 = Debug|Any CPU
		{0E44B6C3-841F-49CE-A2E9-30EE08DABC40}.Release|Any CPU.ActiveCfg = Release|Any CPU
		{0E44B6C3-841F-49CE-A2E9-30EE08DABC40}.Release|Any CPU.Build.0 = Release|Any CPU
		{E4B47974-8B43-4A8B-A90A-C08753606F47}.Debug|Any CPU.ActiveCfg = Debug|Any CPU
		{E4B47974-8B43-4A8B-A90A-C08753606F47}.Debug|Any CPU.Build.0 = Debug|Any CPU
		{E4B47974-8B43-4A8B-A90A-C08753606F47}.Release|Any CPU.ActiveCfg = Release|Any CPU
		{E4B47974-8B43-4A8B-A90A-C08753606F47}.Release|Any CPU.Build.0 = Release|Any CPU
		{DC3373DC-7F70-4305-A038-24417CCF5FF2}.Debug|Any CPU.ActiveCfg = Debug|Any CPU
		{DC3373DC-7F70-4305-A038-24417CCF5FF2}.Debug|Any CPU.Build.0 = Debug|Any CPU
		{DC3373DC-7F70-4305-A038-24417CCF5FF2}.Release|Any CPU.ActiveCfg = Release|Any CPU
		{DC3373DC-7F70-4305-A038-24417CCF5FF2}.Release|Any CPU.Build.0 = Release|Any CPU
		{661EC4F3-26CF-4B80-9570-67DC990238D8}.Debug|Any CPU.ActiveCfg = Debug|Any CPU
		{661EC4F3-26CF-4B80-9570-67DC990238D8}.Debug|Any CPU.Build.0 = Debug|Any CPU
		{661EC4F3-26CF-4B80-9570-67DC990238D8}.Release|Any CPU.ActiveCfg = Release|Any CPU
		{661EC4F3-26CF-4B80-9570-67DC990238D8}.Release|Any CPU.Build.0 = Release|Any CPU
		{E8E65903-D34D-40CC-BAAD-047EEC019D83}.Debug|Any CPU.ActiveCfg = Debug|Any CPU
		{E8E65903-D34D-40CC-BAAD-047EEC019D83}.Debug|Any CPU.Build.0 = Debug|Any CPU
		{E8E65903-D34D-40CC-BAAD-047EEC019D83}.Release|Any CPU.ActiveCfg = Release|Any CPU
		{E8E65903-D34D-40CC-BAAD-047EEC019D83}.Release|Any CPU.Build.0 = Release|Any CPU
		{21B66354-8EDA-4AB5-9ACE-2F0F2850230A}.Debug|Any CPU.ActiveCfg = Debug|Any CPU
		{21B66354-8EDA-4AB5-9ACE-2F0F2850230A}.Debug|Any CPU.Build.0 = Debug|Any CPU
		{21B66354-8EDA-4AB5-9ACE-2F0F2850230A}.Release|Any CPU.ActiveCfg = Release|Any CPU
		{21B66354-8EDA-4AB5-9ACE-2F0F2850230A}.Release|Any CPU.Build.0 = Release|Any CPU
		{AC126F59-7D4B-4C4B-B443-4CD64442D8DF}.Debug|Any CPU.ActiveCfg = Debug|Any CPU
		{AC126F59-7D4B-4C4B-B443-4CD64442D8DF}.Debug|Any CPU.Build.0 = Debug|Any CPU
		{AC126F59-7D4B-4C4B-B443-4CD64442D8DF}.Release|Any CPU.ActiveCfg = Release|Any CPU
		{AC126F59-7D4B-4C4B-B443-4CD64442D8DF}.Release|Any CPU.Build.0 = Release|Any CPU
		{50EBE1EF-8014-4A83-BA34-0DF998C4141F}.Debug|Any CPU.ActiveCfg = Debug|Any CPU
		{50EBE1EF-8014-4A83-BA34-0DF998C4141F}.Debug|Any CPU.Build.0 = Debug|Any CPU
		{50EBE1EF-8014-4A83-BA34-0DF998C4141F}.Release|Any CPU.ActiveCfg = Release|Any CPU
		{50EBE1EF-8014-4A83-BA34-0DF998C4141F}.Release|Any CPU.Build.0 = Release|Any CPU
		{B96C92A7-039E-4A62-BD3F-45E71F8450B1}.Debug|Any CPU.ActiveCfg = Debug|Any CPU
		{B96C92A7-039E-4A62-BD3F-45E71F8450B1}.Debug|Any CPU.Build.0 = Debug|Any CPU
		{B96C92A7-039E-4A62-BD3F-45E71F8450B1}.Release|Any CPU.ActiveCfg = Release|Any CPU
		{B96C92A7-039E-4A62-BD3F-45E71F8450B1}.Release|Any CPU.Build.0 = Release|Any CPU
		{D5925E03-B63F-4916-8296-6780C40D6625}.Debug|Any CPU.ActiveCfg = Debug|Any CPU
		{D5925E03-B63F-4916-8296-6780C40D6625}.Debug|Any CPU.Build.0 = Debug|Any CPU
		{D5925E03-B63F-4916-8296-6780C40D6625}.Release|Any CPU.ActiveCfg = Release|Any CPU
		{D5925E03-B63F-4916-8296-6780C40D6625}.Release|Any CPU.Build.0 = Release|Any CPU
		{55630316-20A1-41F0-A8E0-FE1442310670}.Debug|Any CPU.ActiveCfg = Debug|Any CPU
		{55630316-20A1-41F0-A8E0-FE1442310670}.Debug|Any CPU.Build.0 = Debug|Any CPU
		{55630316-20A1-41F0-A8E0-FE1442310670}.Release|Any CPU.ActiveCfg = Release|Any CPU
		{55630316-20A1-41F0-A8E0-FE1442310670}.Release|Any CPU.Build.0 = Release|Any CPU
		{CE2DFDB1-2247-49E1-A67B-16B64F606526}.Debug|Any CPU.ActiveCfg = Debug|Any CPU
		{CE2DFDB1-2247-49E1-A67B-16B64F606526}.Debug|Any CPU.Build.0 = Debug|Any CPU
		{CE2DFDB1-2247-49E1-A67B-16B64F606526}.Release|Any CPU.ActiveCfg = Release|Any CPU
		{CE2DFDB1-2247-49E1-A67B-16B64F606526}.Release|Any CPU.Build.0 = Release|Any CPU
		{D5106700-63B5-4DD1-851B-E6274CC377A7}.Debug|Any CPU.ActiveCfg = Debug|Any CPU
		{D5106700-63B5-4DD1-851B-E6274CC377A7}.Debug|Any CPU.Build.0 = Debug|Any CPU
		{D5106700-63B5-4DD1-851B-E6274CC377A7}.Release|Any CPU.ActiveCfg = Release|Any CPU
		{D5106700-63B5-4DD1-851B-E6274CC377A7}.Release|Any CPU.Build.0 = Release|Any CPU
		{36F59E1A-CBD5-445C-85B0-685418A8625F}.Debug|Any CPU.ActiveCfg = Debug|Any CPU
		{36F59E1A-CBD5-445C-85B0-685418A8625F}.Debug|Any CPU.Build.0 = Debug|Any CPU
		{36F59E1A-CBD5-445C-85B0-685418A8625F}.Release|Any CPU.ActiveCfg = Release|Any CPU
		{36F59E1A-CBD5-445C-85B0-685418A8625F}.Release|Any CPU.Build.0 = Release|Any CPU
		{321DDD11-C078-49CA-A4F3-5D9CC3AFDF89}.Debug|Any CPU.ActiveCfg = Debug|Any CPU
		{321DDD11-C078-49CA-A4F3-5D9CC3AFDF89}.Debug|Any CPU.Build.0 = Debug|Any CPU
		{321DDD11-C078-49CA-A4F3-5D9CC3AFDF89}.Release|Any CPU.ActiveCfg = Release|Any CPU
		{321DDD11-C078-49CA-A4F3-5D9CC3AFDF89}.Release|Any CPU.Build.0 = Release|Any CPU
		{46A75A69-01AE-4C8B-A685-23DEE8A8366F}.Debug|Any CPU.ActiveCfg = Debug|Any CPU
		{46A75A69-01AE-4C8B-A685-23DEE8A8366F}.Debug|Any CPU.Build.0 = Debug|Any CPU
		{46A75A69-01AE-4C8B-A685-23DEE8A8366F}.Release|Any CPU.ActiveCfg = Release|Any CPU
		{46A75A69-01AE-4C8B-A685-23DEE8A8366F}.Release|Any CPU.Build.0 = Release|Any CPU
		{96E934E8-9B53-49F6-9DBB-602B7C26F4DD}.Debug|Any CPU.ActiveCfg = Debug|Any CPU
		{96E934E8-9B53-49F6-9DBB-602B7C26F4DD}.Debug|Any CPU.Build.0 = Debug|Any CPU
		{96E934E8-9B53-49F6-9DBB-602B7C26F4DD}.Release|Any CPU.ActiveCfg = Release|Any CPU
		{96E934E8-9B53-49F6-9DBB-602B7C26F4DD}.Release|Any CPU.Build.0 = Release|Any CPU
	EndGlobalSection
	GlobalSection(SolutionProperties) = preSolution
		HideSolutionNode = FALSE
	EndGlobalSection
	GlobalSection(ExtensibilityGlobals) = postSolution
		SolutionGuid = {82D49506-5226-4545-8333-973DBE7DE434}
	EndGlobalSection
EndGlobal
