
Microsoft Visual Studio Solution File, Format Version 12.00
# Visual Studio 15
VisualStudioVersion = 15.0.28307.852
MinimumVisualStudioVersion = 10.0.40219.1
Project("{FAE04EC0-301F-11D3-BF4B-00C04F79EFBC}") = "TemperatureConverting", "TemperatureConverting\TemperatureConverting.csproj", "{FC40D847-3288-48E9-BA6B-53A96E04D00D}"
EndProject
Global
	GlobalSection(SolutionConfigurationPlatforms) = preSolution
		Debug|Any CPU = Debug|Any CPU
		Release|Any CPU = Release|Any CPU
	EndGlobalSection
	GlobalSection(ProjectConfigurationPlatforms) = postSolution
		{FC40D847-3288-48E9-BA6B-53A96E04D00D}.Debug|Any CPU.ActiveCfg = Debug|Any CPU
		{FC40D847-3288-48E9-BA6B-53A96E04D00D}.Debug|Any CPU.Build.0 = Debug|Any CPU
		{FC40D847-3288-48E9-BA6B-53A96E04D00D}.Release|Any CPU.ActiveCfg = Release|Any CPU
		{FC40D847-3288-48E9-BA6B-53A96E04D00D}.Release|Any CPU.Build.0 = Release|Any CPU
	EndGlobalSection
	GlobalSection(SolutionProperties) = preSolution
		HideSolutionNode = FALSE
	EndGlobalSection
	GlobalSection(ExtensibilityGlobals) = postSolution
		SolutionGuid = {D78E518A-70AF-4858-8CA4-2B2E71D727A6}
	EndGlobalSection
EndGlobal
